
Microsoft Visual Studio Solution File, Format Version 12.00
# Visual Studio Version 17
VisualStudioVersion = 17.5.33516.290
MinimumVisualStudioVersion = 10.0.40219.1
Project("{FAE04EC0-301F-11D3-BF4B-00C04F79EFBC}") = "Snake Moves", "Snake Moves\Snake Moves.csproj", "{6B14C41F-0F42-4C66-B4B2-CA08238C337E}"
EndProject
Global
	GlobalSection(SolutionConfigurationPlatforms) = preSolution
		Debug|Any CPU = Debug|Any CPU
		Release|Any CPU = Release|Any CPU
	EndGlobalSection
	GlobalSection(ProjectConfigurationPlatforms) = postSolution
		{6B14C41F-0F42-4C66-B4B2-CA08238C337E}.Debug|Any CPU.ActiveCfg = Debug|Any CPU
		{6B14C41F-0F42-4C66-B4B2-CA08238C337E}.Debug|Any CPU.Build.0 = Debug|Any CPU
		{6B14C41F-0F42-4C66-B4B2-CA08238C337E}.Release|Any CPU.ActiveCfg = Release|Any CPU
		{6B14C41F-0F42-4C66-B4B2-CA08238C337E}.Release|Any CPU.Build.0 = Release|Any CPU
	EndGlobalSection
	GlobalSection(SolutionProperties) = preSolution
		HideSolutionNode = FALSE
	EndGlobalSection
	GlobalSection(ExtensibilityGlobals) = postSolution
		SolutionGuid = {850DD023-8BE8-4BCB-BF12-85F54FAC1AFB}
	EndGlobalSection
EndGlobal
