
Microsoft Visual Studio Solution File, Format Version 12.00
# Visual Studio Version 17
VisualStudioVersion = 17.5.33516.290
MinimumVisualStudioVersion = 10.0.40219.1
Project("{FAE04EC0-301F-11D3-BF4B-00C04F79EFBC}") = "ChainVarna", "ChainVarna\ChainVarna.csproj", "{59FC5BB4-BF0F-4DA4-A157-8706EA8514C6}"
EndProject
Global
	GlobalSection(SolutionConfigurationPlatforms) = preSolution
		Debug|Any CPU = Debug|Any CPU
		Release|Any CPU = Release|Any CPU
	EndGlobalSection
	GlobalSection(ProjectConfigurationPlatforms) = postSolution
		{59FC5BB4-BF0F-4DA4-A157-8706EA8514C6}.Debug|Any CPU.ActiveCfg = Debug|Any CPU
		{59FC5BB4-BF0F-4DA4-A157-8706EA8514C6}.Debug|Any CPU.Build.0 = Debug|Any CPU
		{59FC5BB4-BF0F-4DA4-A157-8706EA8514C6}.Release|Any CPU.ActiveCfg = Release|Any CPU
		{59FC5BB4-BF0F-4DA4-A157-8706EA8514C6}.Release|Any CPU.Build.0 = Release|Any CPU
	EndGlobalSection
	GlobalSection(SolutionProperties) = preSolution
		HideSolutionNode = FALSE
	EndGlobalSection
	GlobalSection(ExtensibilityGlobals) = postSolution
		SolutionGuid = {FA3CBFE0-7791-4DDE-85A1-6B5762A4BCA4}
	EndGlobalSection
EndGlobal
