
Microsoft Visual Studio Solution File, Format Version 12.00
# Visual Studio Version 17
VisualStudioVersion = 17.5.33516.290
MinimumVisualStudioVersion = 10.0.40219.1
Project("{FAE04EC0-301F-11D3-BF4B-00C04F79EFBC}") = "TriFunction", "TriFunction.csproj", "{6D155F57-D7D4-4C40-B02D-B740CF7744F6}"
EndProject
Global
	GlobalSection(SolutionConfigurationPlatforms) = preSolution
		Debug|Any CPU = Debug|Any CPU
		Release|Any CPU = Release|Any CPU
	EndGlobalSection
	GlobalSection(ProjectConfigurationPlatforms) = postSolution
		{6D155F57-D7D4-4C40-B02D-B740CF7744F6}.Debug|Any CPU.ActiveCfg = Debug|Any CPU
		{6D155F57-D7D4-4C40-B02D-B740CF7744F6}.Debug|Any CPU.Build.0 = Debug|Any CPU
		{6D155F57-D7D4-4C40-B02D-B740CF7744F6}.Release|Any CPU.ActiveCfg = Release|Any CPU
		{6D155F57-D7D4-4C40-B02D-B740CF7744F6}.Release|Any CPU.Build.0 = Release|Any CPU
	EndGlobalSection
	GlobalSection(SolutionProperties) = preSolution
		HideSolutionNode = FALSE
	EndGlobalSection
	GlobalSection(ExtensibilityGlobals) = postSolution
		SolutionGuid = {916CC384-5043-4690-A457-E242169BD20A}
	EndGlobalSection
EndGlobal
