
Microsoft Visual Studio Solution File, Format Version 12.00
# Visual Studio Version 17
VisualStudioVersion = 17.5.33516.290
MinimumVisualStudioVersion = 10.0.40219.1
Project("{FAE04EC0-301F-11D3-BF4B-00C04F79EFBC}") = "Diagonal Difference", "Diagonal Difference\Diagonal Difference.csproj", "{B8CD3317-6290-4448-A004-E9E6DFDB9B8E}"
EndProject
Global
	GlobalSection(SolutionConfigurationPlatforms) = preSolution
		Debug|Any CPU = Debug|Any CPU
		Release|Any CPU = Release|Any CPU
	EndGlobalSection
	GlobalSection(ProjectConfigurationPlatforms) = postSolution
		{B8CD3317-6290-4448-A004-E9E6DFDB9B8E}.Debug|Any CPU.ActiveCfg = Debug|Any CPU
		{B8CD3317-6290-4448-A004-E9E6DFDB9B8E}.Debug|Any CPU.Build.0 = Debug|Any CPU
		{B8CD3317-6290-4448-A004-E9E6DFDB9B8E}.Release|Any CPU.ActiveCfg = Release|Any CPU
		{B8CD3317-6290-4448-A004-E9E6DFDB9B8E}.Release|Any CPU.Build.0 = Release|Any CPU
	EndGlobalSection
	GlobalSection(SolutionProperties) = preSolution
		HideSolutionNode = FALSE
	EndGlobalSection
	GlobalSection(ExtensibilityGlobals) = postSolution
		SolutionGuid = {694413AA-BEB0-4165-A7A9-B919CEAD4357}
	EndGlobalSection
EndGlobal
