
Microsoft Visual Studio Solution File, Format Version 12.00
# Visual Studio Version 17
VisualStudioVersion = 17.5.33516.290
MinimumVisualStudioVersion = 10.0.40219.1
Project("{FAE04EC0-301F-11D3-BF4B-00C04F79EFBC}") = "Action Print", "Action Print\Action Print.csproj", "{D5F3F418-349F-433E-BE11-3BE6890E83E6}"
EndProject
Global
	GlobalSection(SolutionConfigurationPlatforms) = preSolution
		Debug|Any CPU = Debug|Any CPU
		Release|Any CPU = Release|Any CPU
	EndGlobalSection
	GlobalSection(ProjectConfigurationPlatforms) = postSolution
		{D5F3F418-349F-433E-BE11-3BE6890E83E6}.Debug|Any CPU.ActiveCfg = Debug|Any CPU
		{D5F3F418-349F-433E-BE11-3BE6890E83E6}.Debug|Any CPU.Build.0 = Debug|Any CPU
		{D5F3F418-349F-433E-BE11-3BE6890E83E6}.Release|Any CPU.ActiveCfg = Release|Any CPU
		{D5F3F418-349F-433E-BE11-3BE6890E83E6}.Release|Any CPU.Build.0 = Release|Any CPU
	EndGlobalSection
	GlobalSection(SolutionProperties) = preSolution
		HideSolutionNode = FALSE
	EndGlobalSection
	GlobalSection(ExtensibilityGlobals) = postSolution
		SolutionGuid = {E5A4898D-1180-4DF2-B5A3-16F0123BC0B9}
	EndGlobalSection
EndGlobal
