
Microsoft Visual Studio Solution File, Format Version 12.00
# Visual Studio Version 17
VisualStudioVersion = 17.5.33516.290
MinimumVisualStudioVersion = 10.0.40219.1
Project("{FAE04EC0-301F-11D3-BF4B-00C04F79EFBC}") = "Sets of Elements", "Sets of Elements\Sets of Elements.csproj", "{BA1EA956-67D4-41D4-9F78-C27C1FCF6EE9}"
EndProject
Global
	GlobalSection(SolutionConfigurationPlatforms) = preSolution
		Debug|Any CPU = Debug|Any CPU
		Release|Any CPU = Release|Any CPU
	EndGlobalSection
	GlobalSection(ProjectConfigurationPlatforms) = postSolution
		{BA1EA956-67D4-41D4-9F78-C27C1FCF6EE9}.Debug|Any CPU.ActiveCfg = Debug|Any CPU
		{BA1EA956-67D4-41D4-9F78-C27C1FCF6EE9}.Debug|Any CPU.Build.0 = Debug|Any CPU
		{BA1EA956-67D4-41D4-9F78-C27C1FCF6EE9}.Release|Any CPU.ActiveCfg = Release|Any CPU
		{BA1EA956-67D4-41D4-9F78-C27C1FCF6EE9}.Release|Any CPU.Build.0 = Release|Any CPU
	EndGlobalSection
	GlobalSection(SolutionProperties) = preSolution
		HideSolutionNode = FALSE
	EndGlobalSection
	GlobalSection(ExtensibilityGlobals) = postSolution
		SolutionGuid = {5384919E-D7E4-46B8-9BCF-69FD1AD650FE}
	EndGlobalSection
EndGlobal
