
Microsoft Visual Studio Solution File, Format Version 12.00
# Visual Studio Version 17
VisualStudioVersion = 17.5.33516.290
MinimumVisualStudioVersion = 10.0.40219.1
Project("{FAE04EC0-301F-11D3-BF4B-00C04F79EFBC}") = "Bomb", "Bomb\Bomb.csproj", "{CBEB65F6-8F23-41CC-BCB6-D3BE81462A43}"
EndProject
Global
	GlobalSection(SolutionConfigurationPlatforms) = preSolution
		Debug|Any CPU = Debug|Any CPU
		Release|Any CPU = Release|Any CPU
	EndGlobalSection
	GlobalSection(ProjectConfigurationPlatforms) = postSolution
		{CBEB65F6-8F23-41CC-BCB6-D3BE81462A43}.Debug|Any CPU.ActiveCfg = Debug|Any CPU
		{CBEB65F6-8F23-41CC-BCB6-D3BE81462A43}.Debug|Any CPU.Build.0 = Debug|Any CPU
		{CBEB65F6-8F23-41CC-BCB6-D3BE81462A43}.Release|Any CPU.ActiveCfg = Release|Any CPU
		{CBEB65F6-8F23-41CC-BCB6-D3BE81462A43}.Release|Any CPU.Build.0 = Release|Any CPU
	EndGlobalSection
	GlobalSection(SolutionProperties) = preSolution
		HideSolutionNode = FALSE
	EndGlobalSection
	GlobalSection(ExtensibilityGlobals) = postSolution
		SolutionGuid = {A0D487BD-05F8-44D4-AB96-B6D2CF58D09F}
	EndGlobalSection
EndGlobal
