
Microsoft Visual Studio Solution File, Format Version 12.00
# Visual Studio Version 17
VisualStudioVersion = 17.5.33516.290
MinimumVisualStudioVersion = 10.0.40219.1
Project("{FAE04EC0-301F-11D3-BF4B-00C04F79EFBC}") = "Average Student Grades", "Average Student Grades\Average Student Grades.csproj", "{BBD86F71-BE53-49F2-8817-BA4AEEC04C44}"
EndProject
Global
	GlobalSection(SolutionConfigurationPlatforms) = preSolution
		Debug|Any CPU = Debug|Any CPU
		Release|Any CPU = Release|Any CPU
	EndGlobalSection
	GlobalSection(ProjectConfigurationPlatforms) = postSolution
		{BBD86F71-BE53-49F2-8817-BA4AEEC04C44}.Debug|Any CPU.ActiveCfg = Debug|Any CPU
		{BBD86F71-BE53-49F2-8817-BA4AEEC04C44}.Debug|Any CPU.Build.0 = Debug|Any CPU
		{BBD86F71-BE53-49F2-8817-BA4AEEC04C44}.Release|Any CPU.ActiveCfg = Release|Any CPU
		{BBD86F71-BE53-49F2-8817-BA4AEEC04C44}.Release|Any CPU.Build.0 = Release|Any CPU
	EndGlobalSection
	GlobalSection(SolutionProperties) = preSolution
		HideSolutionNode = FALSE
	EndGlobalSection
	GlobalSection(ExtensibilityGlobals) = postSolution
		SolutionGuid = {82D9387C-0950-4B79-8C92-D092BCEA9A14}
	EndGlobalSection
EndGlobal
