
Microsoft Visual Studio Solution File, Format Version 12.00
# Visual Studio Version 17
VisualStudioVersion = 17.5.33516.290
MinimumVisualStudioVersion = 10.0.40219.1
Project("{FAE04EC0-301F-11D3-BF4B-00C04F79EFBC}") = "Record Unique Names", "Record Unique Names\Record Unique Names.csproj", "{8323EFA1-7013-4150-A26D-A1FB824A296E}"
EndProject
Global
	GlobalSection(SolutionConfigurationPlatforms) = preSolution
		Debug|Any CPU = Debug|Any CPU
		Release|Any CPU = Release|Any CPU
	EndGlobalSection
	GlobalSection(ProjectConfigurationPlatforms) = postSolution
		{8323EFA1-7013-4150-A26D-A1FB824A296E}.Debug|Any CPU.ActiveCfg = Debug|Any CPU
		{8323EFA1-7013-4150-A26D-A1FB824A296E}.Debug|Any CPU.Build.0 = Debug|Any CPU
		{8323EFA1-7013-4150-A26D-A1FB824A296E}.Release|Any CPU.ActiveCfg = Release|Any CPU
		{8323EFA1-7013-4150-A26D-A1FB824A296E}.Release|Any CPU.Build.0 = Release|Any CPU
	EndGlobalSection
	GlobalSection(SolutionProperties) = preSolution
		HideSolutionNode = FALSE
	EndGlobalSection
	GlobalSection(ExtensibilityGlobals) = postSolution
		SolutionGuid = {F2D890A7-641F-47FB-A269-248C57A4EDD9}
	EndGlobalSection
EndGlobal
