
Microsoft Visual Studio Solution File, Format Version 12.00
# Visual Studio Version 17
VisualStudioVersion = 17.5.33516.290
MinimumVisualStudioVersion = 10.0.40219.1
Project("{FAE04EC0-301F-11D3-BF4B-00C04F79EFBC}") = "PrimesToN^8", "PrimesToN^8\PrimesToN^8.csproj", "{D5201E14-116E-4800-86CB-FA6B1C762FEA}"
EndProject
Global
	GlobalSection(SolutionConfigurationPlatforms) = preSolution
		Debug|Any CPU = Debug|Any CPU
		Release|Any CPU = Release|Any CPU
	EndGlobalSection
	GlobalSection(ProjectConfigurationPlatforms) = postSolution
		{D5201E14-116E-4800-86CB-FA6B1C762FEA}.Debug|Any CPU.ActiveCfg = Debug|Any CPU
		{D5201E14-116E-4800-86CB-FA6B1C762FEA}.Debug|Any CPU.Build.0 = Debug|Any CPU
		{D5201E14-116E-4800-86CB-FA6B1C762FEA}.Release|Any CPU.ActiveCfg = Release|Any CPU
		{D5201E14-116E-4800-86CB-FA6B1C762FEA}.Release|Any CPU.Build.0 = Release|Any CPU
	EndGlobalSection
	GlobalSection(SolutionProperties) = preSolution
		HideSolutionNode = FALSE
	EndGlobalSection
	GlobalSection(ExtensibilityGlobals) = postSolution
		SolutionGuid = {5C93B962-27DC-422F-B2D4-44D4701D8238}
	EndGlobalSection
EndGlobal
