
Microsoft Visual Studio Solution File, Format Version 12.00
# Visual Studio Version 17
VisualStudioVersion = 17.5.33516.290
MinimumVisualStudioVersion = 10.0.40219.1
Project("{FAE04EC0-301F-11D3-BF4B-00C04F79EFBC}") = "Predicate Party", "Predicate Party\Predicate Party.csproj", "{AF3DD215-5377-45C2-9C93-944D25E1CC14}"
EndProject
Global
	GlobalSection(SolutionConfigurationPlatforms) = preSolution
		Debug|Any CPU = Debug|Any CPU
		Release|Any CPU = Release|Any CPU
	EndGlobalSection
	GlobalSection(ProjectConfigurationPlatforms) = postSolution
		{AF3DD215-5377-45C2-9C93-944D25E1CC14}.Debug|Any CPU.ActiveCfg = Debug|Any CPU
		{AF3DD215-5377-45C2-9C93-944D25E1CC14}.Debug|Any CPU.Build.0 = Debug|Any CPU
		{AF3DD215-5377-45C2-9C93-944D25E1CC14}.Release|Any CPU.ActiveCfg = Release|Any CPU
		{AF3DD215-5377-45C2-9C93-944D25E1CC14}.Release|Any CPU.Build.0 = Release|Any CPU
	EndGlobalSection
	GlobalSection(SolutionProperties) = preSolution
		HideSolutionNode = FALSE
	EndGlobalSection
	GlobalSection(ExtensibilityGlobals) = postSolution
		SolutionGuid = {D7074E7F-2361-4ADB-B7B1-5BA29BCDBC95}
	EndGlobalSection
EndGlobal
