
Microsoft Visual Studio Solution File, Format Version 12.00
# Visual Studio Version 17
VisualStudioVersion = 17.5.33516.290
MinimumVisualStudioVersion = 10.0.40219.1
Project("{FAE04EC0-301F-11D3-BF4B-00C04F79EFBC}") = "Simple Calculator", "Simple Calculator\Simple Calculator.csproj", "{05A4145C-935C-4F79-9CE3-397AAE7E49C1}"
EndProject
Global
	GlobalSection(SolutionConfigurationPlatforms) = preSolution
		Debug|Any CPU = Debug|Any CPU
		Release|Any CPU = Release|Any CPU
	EndGlobalSection
	GlobalSection(ProjectConfigurationPlatforms) = postSolution
		{05A4145C-935C-4F79-9CE3-397AAE7E49C1}.Debug|Any CPU.ActiveCfg = Debug|Any CPU
		{05A4145C-935C-4F79-9CE3-397AAE7E49C1}.Debug|Any CPU.Build.0 = Debug|Any CPU
		{05A4145C-935C-4F79-9CE3-397AAE7E49C1}.Release|Any CPU.ActiveCfg = Release|Any CPU
		{05A4145C-935C-4F79-9CE3-397AAE7E49C1}.Release|Any CPU.Build.0 = Release|Any CPU
	EndGlobalSection
	GlobalSection(SolutionProperties) = preSolution
		HideSolutionNode = FALSE
	EndGlobalSection
	GlobalSection(ExtensibilityGlobals) = postSolution
		SolutionGuid = {128FF7F7-7E47-4AAF-A924-616591AF44FB}
	EndGlobalSection
EndGlobal
