
Microsoft Visual Studio Solution File, Format Version 12.00
# Visual Studio Version 17
VisualStudioVersion = 17.5.33516.290
MinimumVisualStudioVersion = 10.0.40219.1
Project("{FAE04EC0-301F-11D3-BF4B-00C04F79EFBC}") = "Shop", "Shop\Shop.csproj", "{AE570281-7EFD-4FD7-B091-EEE795D06D5B}"
EndProject
Global
	GlobalSection(SolutionConfigurationPlatforms) = preSolution
		Debug|Any CPU = Debug|Any CPU
		Release|Any CPU = Release|Any CPU
	EndGlobalSection
	GlobalSection(ProjectConfigurationPlatforms) = postSolution
		{AE570281-7EFD-4FD7-B091-EEE795D06D5B}.Debug|Any CPU.ActiveCfg = Debug|Any CPU
		{AE570281-7EFD-4FD7-B091-EEE795D06D5B}.Debug|Any CPU.Build.0 = Debug|Any CPU
		{AE570281-7EFD-4FD7-B091-EEE795D06D5B}.Release|Any CPU.ActiveCfg = Release|Any CPU
		{AE570281-7EFD-4FD7-B091-EEE795D06D5B}.Release|Any CPU.Build.0 = Release|Any CPU
	EndGlobalSection
	GlobalSection(SolutionProperties) = preSolution
		HideSolutionNode = FALSE
	EndGlobalSection
	GlobalSection(ExtensibilityGlobals) = postSolution
		SolutionGuid = {ACFB3BF0-8018-4E71-9E8D-5468299A7AFC}
	EndGlobalSection
EndGlobal
