
Microsoft Visual Studio Solution File, Format Version 12.00
# Visual Studio Version 17
VisualStudioVersion = 17.5.33516.290
MinimumVisualStudioVersion = 10.0.40219.1
Project("{FAE04EC0-301F-11D3-BF4B-00C04F79EFBC}") = "Wardrobe", "Wardrobe\Wardrobe.csproj", "{0389CD0A-40CB-4B9B-BAB5-9882B06FE0CC}"
EndProject
Global
	GlobalSection(SolutionConfigurationPlatforms) = preSolution
		Debug|Any CPU = Debug|Any CPU
		Release|Any CPU = Release|Any CPU
	EndGlobalSection
	GlobalSection(ProjectConfigurationPlatforms) = postSolution
		{0389CD0A-40CB-4B9B-BAB5-9882B06FE0CC}.Debug|Any CPU.ActiveCfg = Debug|Any CPU
		{0389CD0A-40CB-4B9B-BAB5-9882B06FE0CC}.Debug|Any CPU.Build.0 = Debug|Any CPU
		{0389CD0A-40CB-4B9B-BAB5-9882B06FE0CC}.Release|Any CPU.ActiveCfg = Release|Any CPU
		{0389CD0A-40CB-4B9B-BAB5-9882B06FE0CC}.Release|Any CPU.Build.0 = Release|Any CPU
	EndGlobalSection
	GlobalSection(SolutionProperties) = preSolution
		HideSolutionNode = FALSE
	EndGlobalSection
	GlobalSection(ExtensibilityGlobals) = postSolution
		SolutionGuid = {34E25A48-C8B0-4FC4-95C0-82EE8A1C2A3D}
	EndGlobalSection
EndGlobal
