
Microsoft Visual Studio Solution File, Format Version 12.00
# Visual Studio Version 17
VisualStudioVersion = 17.5.33516.290
MinimumVisualStudioVersion = 10.0.40219.1
Project("{FAE04EC0-301F-11D3-BF4B-00C04F79EFBC}") = "Chain", "Chain\Chain.csproj", "{46E82EFC-20E4-4C9C-A84D-452EABE84AEA}"
EndProject
Global
	GlobalSection(SolutionConfigurationPlatforms) = preSolution
		Debug|Any CPU = Debug|Any CPU
		Release|Any CPU = Release|Any CPU
	EndGlobalSection
	GlobalSection(ProjectConfigurationPlatforms) = postSolution
		{46E82EFC-20E4-4C9C-A84D-452EABE84AEA}.Debug|Any CPU.ActiveCfg = Debug|Any CPU
		{46E82EFC-20E4-4C9C-A84D-452EABE84AEA}.Debug|Any CPU.Build.0 = Debug|Any CPU
		{46E82EFC-20E4-4C9C-A84D-452EABE84AEA}.Release|Any CPU.ActiveCfg = Release|Any CPU
		{46E82EFC-20E4-4C9C-A84D-452EABE84AEA}.Release|Any CPU.Build.0 = Release|Any CPU
	EndGlobalSection
	GlobalSection(SolutionProperties) = preSolution
		HideSolutionNode = FALSE
	EndGlobalSection
	GlobalSection(ExtensibilityGlobals) = postSolution
		SolutionGuid = {24417EAB-267F-4052-9C0D-8BCADA15141D}
	EndGlobalSection
EndGlobal
