
Microsoft Visual Studio Solution File, Format Version 12.00
# Visual Studio Version 17
VisualStudioVersion = 17.5.33516.290
MinimumVisualStudioVersion = 10.0.40219.1
Project("{FAE04EC0-301F-11D3-BF4B-00C04F79EFBC}") = "List Of Predicates", "List Of Predicates\List Of Predicates.csproj", "{EB6ED8C5-5306-4EE8-9988-A8E59B2FE5DB}"
EndProject
Global
	GlobalSection(SolutionConfigurationPlatforms) = preSolution
		Debug|Any CPU = Debug|Any CPU
		Release|Any CPU = Release|Any CPU
	EndGlobalSection
	GlobalSection(ProjectConfigurationPlatforms) = postSolution
		{EB6ED8C5-5306-4EE8-9988-A8E59B2FE5DB}.Debug|Any CPU.ActiveCfg = Debug|Any CPU
		{EB6ED8C5-5306-4EE8-9988-A8E59B2FE5DB}.Debug|Any CPU.Build.0 = Debug|Any CPU
		{EB6ED8C5-5306-4EE8-9988-A8E59B2FE5DB}.Release|Any CPU.ActiveCfg = Release|Any CPU
		{EB6ED8C5-5306-4EE8-9988-A8E59B2FE5DB}.Release|Any CPU.Build.0 = Release|Any CPU
	EndGlobalSection
	GlobalSection(SolutionProperties) = preSolution
		HideSolutionNode = FALSE
	EndGlobalSection
	GlobalSection(ExtensibilityGlobals) = postSolution
		SolutionGuid = {24176613-5B13-4855-AA4D-EFDDC11188C5}
	EndGlobalSection
EndGlobal
