
Microsoft Visual Studio Solution File, Format Version 12.00
# Visual Studio Version 17
VisualStudioVersion = 17.5.33516.290
MinimumVisualStudioVersion = 10.0.40219.1
Project("{FAE04EC0-301F-11D3-BF4B-00C04F79EFBC}") = "Radioactive vampire bunnies", "Radioactive vampire bunnies\Radioactive vampire bunnies.csproj", "{F4240291-2670-4CD1-8FB0-C4D33731AD7F}"
EndProject
Global
	GlobalSection(SolutionConfigurationPlatforms) = preSolution
		Debug|Any CPU = Debug|Any CPU
		Release|Any CPU = Release|Any CPU
	EndGlobalSection
	GlobalSection(ProjectConfigurationPlatforms) = postSolution
		{F4240291-2670-4CD1-8FB0-C4D33731AD7F}.Debug|Any CPU.ActiveCfg = Debug|Any CPU
		{F4240291-2670-4CD1-8FB0-C4D33731AD7F}.Debug|Any CPU.Build.0 = Debug|Any CPU
		{F4240291-2670-4CD1-8FB0-C4D33731AD7F}.Release|Any CPU.ActiveCfg = Release|Any CPU
		{F4240291-2670-4CD1-8FB0-C4D33731AD7F}.Release|Any CPU.Build.0 = Release|Any CPU
	EndGlobalSection
	GlobalSection(SolutionProperties) = preSolution
		HideSolutionNode = FALSE
	EndGlobalSection
	GlobalSection(ExtensibilityGlobals) = postSolution
		SolutionGuid = {8C8B9B9D-147E-47EE-B683-40542ACC002B}
	EndGlobalSection
EndGlobal
