
Microsoft Visual Studio Solution File, Format Version 12.00
# Visual Studio Version 17
VisualStudioVersion = 17.5.33516.290
MinimumVisualStudioVersion = 10.0.40219.1
Project("{FAE04EC0-301F-11D3-BF4B-00C04F79EFBC}") = "Predicate Of Names", "Predicate Of Names\Predicate Of Names.csproj", "{9BB7B625-A77D-4348-A8AD-3256BB3479C7}"
EndProject
Global
	GlobalSection(SolutionConfigurationPlatforms) = preSolution
		Debug|Any CPU = Debug|Any CPU
		Release|Any CPU = Release|Any CPU
	EndGlobalSection
	GlobalSection(ProjectConfigurationPlatforms) = postSolution
		{9BB7B625-A77D-4348-A8AD-3256BB3479C7}.Debug|Any CPU.ActiveCfg = Debug|Any CPU
		{9BB7B625-A77D-4348-A8AD-3256BB3479C7}.Debug|Any CPU.Build.0 = Debug|Any CPU
		{9BB7B625-A77D-4348-A8AD-3256BB3479C7}.Release|Any CPU.ActiveCfg = Release|Any CPU
		{9BB7B625-A77D-4348-A8AD-3256BB3479C7}.Release|Any CPU.Build.0 = Release|Any CPU
	EndGlobalSection
	GlobalSection(SolutionProperties) = preSolution
		HideSolutionNode = FALSE
	EndGlobalSection
	GlobalSection(ExtensibilityGlobals) = postSolution
		SolutionGuid = {15A4698C-E7CC-496F-9966-0F9F7DFB7B5F}
	EndGlobalSection
EndGlobal
