
Microsoft Visual Studio Solution File, Format Version 12.00
# Visual Studio Version 17
VisualStudioVersion = 17.5.33516.290
MinimumVisualStudioVersion = 10.0.40219.1
Project("{FAE04EC0-301F-11D3-BF4B-00C04F79EFBC}") = "Matrix Shuffling", "Matrix Shuffling\Matrix Shuffling.csproj", "{658DCB52-7B94-4C81-B5B1-2A35C2F56DBF}"
EndProject
Global
	GlobalSection(SolutionConfigurationPlatforms) = preSolution
		Debug|Any CPU = Debug|Any CPU
		Release|Any CPU = Release|Any CPU
	EndGlobalSection
	GlobalSection(ProjectConfigurationPlatforms) = postSolution
		{658DCB52-7B94-4C81-B5B1-2A35C2F56DBF}.Debug|Any CPU.ActiveCfg = Debug|Any CPU
		{658DCB52-7B94-4C81-B5B1-2A35C2F56DBF}.Debug|Any CPU.Build.0 = Debug|Any CPU
		{658DCB52-7B94-4C81-B5B1-2A35C2F56DBF}.Release|Any CPU.ActiveCfg = Release|Any CPU
		{658DCB52-7B94-4C81-B5B1-2A35C2F56DBF}.Release|Any CPU.Build.0 = Release|Any CPU
	EndGlobalSection
	GlobalSection(SolutionProperties) = preSolution
		HideSolutionNode = FALSE
	EndGlobalSection
	GlobalSection(ExtensibilityGlobals) = postSolution
		SolutionGuid = {4DECCCCC-AB61-47A1-9069-713EC87918F7}
	EndGlobalSection
EndGlobal
