
Microsoft Visual Studio Solution File, Format Version 12.00
# Visual Studio Version 17
VisualStudioVersion = 17.5.33516.290
MinimumVisualStudioVersion = 10.0.40219.1
Project("{FAE04EC0-301F-11D3-BF4B-00C04F79EFBC}") = "Add VAT", "Add VAT\Add VAT.csproj", "{633F98BC-0EC4-4489-A0C8-4E641483A10D}"
EndProject
Global
	GlobalSection(SolutionConfigurationPlatforms) = preSolution
		Debug|Any CPU = Debug|Any CPU
		Release|Any CPU = Release|Any CPU
	EndGlobalSection
	GlobalSection(ProjectConfigurationPlatforms) = postSolution
		{633F98BC-0EC4-4489-A0C8-4E641483A10D}.Debug|Any CPU.ActiveCfg = Debug|Any CPU
		{633F98BC-0EC4-4489-A0C8-4E641483A10D}.Debug|Any CPU.Build.0 = Debug|Any CPU
		{633F98BC-0EC4-4489-A0C8-4E641483A10D}.Release|Any CPU.ActiveCfg = Release|Any CPU
		{633F98BC-0EC4-4489-A0C8-4E641483A10D}.Release|Any CPU.Build.0 = Release|Any CPU
	EndGlobalSection
	GlobalSection(SolutionProperties) = preSolution
		HideSolutionNode = FALSE
	EndGlobalSection
	GlobalSection(ExtensibilityGlobals) = postSolution
		SolutionGuid = {BDC5FFC7-C5EA-44A1-9298-D4580941C755}
	EndGlobalSection
EndGlobal
