
Microsoft Visual Studio Solution File, Format Version 12.00
# Visual Studio Version 17
VisualStudioVersion = 17.5.33516.290
MinimumVisualStudioVersion = 10.0.40219.1
Project("{FAE04EC0-301F-11D3-BF4B-00C04F79EFBC}") = "Reverse a string", "Reverse a string\Reverse a string.csproj", "{8A6D0E55-41FE-42F3-A37E-F6764ACEEC15}"
EndProject
Global
	GlobalSection(SolutionConfigurationPlatforms) = preSolution
		Debug|Any CPU = Debug|Any CPU
		Release|Any CPU = Release|Any CPU
	EndGlobalSection
	GlobalSection(ProjectConfigurationPlatforms) = postSolution
		{8A6D0E55-41FE-42F3-A37E-F6764ACEEC15}.Debug|Any CPU.ActiveCfg = Debug|Any CPU
		{8A6D0E55-41FE-42F3-A37E-F6764ACEEC15}.Debug|Any CPU.Build.0 = Debug|Any CPU
		{8A6D0E55-41FE-42F3-A37E-F6764ACEEC15}.Release|Any CPU.ActiveCfg = Release|Any CPU
		{8A6D0E55-41FE-42F3-A37E-F6764ACEEC15}.Release|Any CPU.Build.0 = Release|Any CPU
	EndGlobalSection
	GlobalSection(SolutionProperties) = preSolution
		HideSolutionNode = FALSE
	EndGlobalSection
	GlobalSection(ExtensibilityGlobals) = postSolution
		SolutionGuid = {15EFC480-4BAE-4CEA-8EC5-91E83687292A}
	EndGlobalSection
EndGlobal
