
Microsoft Visual Studio Solution File, Format Version 12.00
# Visual Studio Version 17
VisualStudioVersion = 17.5.33516.290
MinimumVisualStudioVersion = 10.0.40219.1
Project("{FAE04EC0-301F-11D3-BF4B-00C04F79EFBC}") = "Recursive Array Sum", "Recursive Array Sum.csproj", "{6F98176E-93B5-4AFF-9C4A-FB37191243F0}"
EndProject
Global
	GlobalSection(SolutionConfigurationPlatforms) = preSolution
		Debug|Any CPU = Debug|Any CPU
		Release|Any CPU = Release|Any CPU
	EndGlobalSection
	GlobalSection(ProjectConfigurationPlatforms) = postSolution
		{6F98176E-93B5-4AFF-9C4A-FB37191243F0}.Debug|Any CPU.ActiveCfg = Debug|Any CPU
		{6F98176E-93B5-4AFF-9C4A-FB37191243F0}.Debug|Any CPU.Build.0 = Debug|Any CPU
		{6F98176E-93B5-4AFF-9C4A-FB37191243F0}.Release|Any CPU.ActiveCfg = Release|Any CPU
		{6F98176E-93B5-4AFF-9C4A-FB37191243F0}.Release|Any CPU.Build.0 = Release|Any CPU
	EndGlobalSection
	GlobalSection(SolutionProperties) = preSolution
		HideSolutionNode = FALSE
	EndGlobalSection
	GlobalSection(ExtensibilityGlobals) = postSolution
		SolutionGuid = {F3A7CD1A-DE1C-4B90-A633-F6AAC7881865}
	EndGlobalSection
EndGlobal
