
Microsoft Visual Studio Solution File, Format Version 12.00
# Visual Studio Version 17
VisualStudioVersion = 17.5.33516.290
MinimumVisualStudioVersion = 10.0.40219.1
Project("{FAE04EC0-301F-11D3-BF4B-00C04F79EFBC}") = "Squares in Matrix", "Squares in Matrix\Squares in Matrix.csproj", "{413B43F0-7299-4482-A9D0-48C3E4BB3621}"
EndProject
Global
	GlobalSection(SolutionConfigurationPlatforms) = preSolution
		Debug|Any CPU = Debug|Any CPU
		Release|Any CPU = Release|Any CPU
	EndGlobalSection
	GlobalSection(ProjectConfigurationPlatforms) = postSolution
		{413B43F0-7299-4482-A9D0-48C3E4BB3621}.Debug|Any CPU.ActiveCfg = Debug|Any CPU
		{413B43F0-7299-4482-A9D0-48C3E4BB3621}.Debug|Any CPU.Build.0 = Debug|Any CPU
		{413B43F0-7299-4482-A9D0-48C3E4BB3621}.Release|Any CPU.ActiveCfg = Release|Any CPU
		{413B43F0-7299-4482-A9D0-48C3E4BB3621}.Release|Any CPU.Build.0 = Release|Any CPU
	EndGlobalSection
	GlobalSection(SolutionProperties) = preSolution
		HideSolutionNode = FALSE
	EndGlobalSection
	GlobalSection(ExtensibilityGlobals) = postSolution
		SolutionGuid = {8A55BBE0-8775-4C15-8FFD-D2E4AA511C96}
	EndGlobalSection
EndGlobal
