
Microsoft Visual Studio Solution File, Format Version 12.00
# Visual Studio Version 17
VisualStudioVersion = 17.5.33516.290
MinimumVisualStudioVersion = 10.0.40219.1
Project("{FAE04EC0-301F-11D3-BF4B-00C04F79EFBC}") = "FindCity", "FindCity\FindCity.csproj", "{3063AA68-A22F-4F1D-904E-04CB7692F3AF}"
EndProject
Global
	GlobalSection(SolutionConfigurationPlatforms) = preSolution
		Debug|Any CPU = Debug|Any CPU
		Release|Any CPU = Release|Any CPU
	EndGlobalSection
	GlobalSection(ProjectConfigurationPlatforms) = postSolution
		{3063AA68-A22F-4F1D-904E-04CB7692F3AF}.Debug|Any CPU.ActiveCfg = Debug|Any CPU
		{3063AA68-A22F-4F1D-904E-04CB7692F3AF}.Debug|Any CPU.Build.0 = Debug|Any CPU
		{3063AA68-A22F-4F1D-904E-04CB7692F3AF}.Release|Any CPU.ActiveCfg = Release|Any CPU
		{3063AA68-A22F-4F1D-904E-04CB7692F3AF}.Release|Any CPU.Build.0 = Release|Any CPU
	EndGlobalSection
	GlobalSection(SolutionProperties) = preSolution
		HideSolutionNode = FALSE
	EndGlobalSection
	GlobalSection(ExtensibilityGlobals) = postSolution
		SolutionGuid = {6C77BF53-B5F9-4F4E-BE5D-0011EE7C2492}
	EndGlobalSection
EndGlobal
