
Microsoft Visual Studio Solution File, Format Version 12.00
# Visual Studio Version 17
VisualStudioVersion = 17.5.33516.290
MinimumVisualStudioVersion = 10.0.40219.1
Project("{FAE04EC0-301F-11D3-BF4B-00C04F79EFBC}") = "PRFM", "PRFM.csproj", "{BF811AA8-4888-4E1F-B516-E0B801BFDC52}"
EndProject
Global
	GlobalSection(SolutionConfigurationPlatforms) = preSolution
		Debug|Any CPU = Debug|Any CPU
		Release|Any CPU = Release|Any CPU
	EndGlobalSection
	GlobalSection(ProjectConfigurationPlatforms) = postSolution
		{BF811AA8-4888-4E1F-B516-E0B801BFDC52}.Debug|Any CPU.ActiveCfg = Debug|Any CPU
		{BF811AA8-4888-4E1F-B516-E0B801BFDC52}.Debug|Any CPU.Build.0 = Debug|Any CPU
		{BF811AA8-4888-4E1F-B516-E0B801BFDC52}.Release|Any CPU.ActiveCfg = Release|Any CPU
		{BF811AA8-4888-4E1F-B516-E0B801BFDC52}.Release|Any CPU.Build.0 = Release|Any CPU
	EndGlobalSection
	GlobalSection(SolutionProperties) = preSolution
		HideSolutionNode = FALSE
	EndGlobalSection
	GlobalSection(ExtensibilityGlobals) = postSolution
		SolutionGuid = {F28F76EA-3278-490B-9A60-2376A130CDF0}
	EndGlobalSection
EndGlobal
